<?xml version="1.0" encoding="utf-8"?>
<Project ToolsVersion="15.0" xmlns="http://schemas.microsoft.com/developer/msbuild/2003">
  <ItemGroup>
    <ClCompile Include="C:\Users\rafae\Documents\Visual Studio 2017\Projects\StreamLabs_Assingment\StreamLabsTest\Server\Server.cpp">
      <Filter>Source Files</Filter>
    </ClCompile>
  </ItemGroup>
  <ItemGroup>
    <CustomBuild Include="C:\Users\rafae\Documents\Visual Studio 2017\Projects\StreamLabs_Assingment\StreamLabsTest\Server\CMakeLists.txt" />
  </ItemGroup>
  <ItemGroup>
    <Filter Include="Source Files">
      <UniqueIdentifier>{270E7B30-C0ED-3C74-84CC-9C20CDA916F5}</UniqueIdentifier>
    </Filter>
  </ItemGroup>
</Project>
