Microsoft Visual Studio Solution File, Format Version 12.00
# Visual Studio 15
Project("{8BC9CEB8-8B4A-11D0-8D11-00A0C91BC942}") = "ALL_BUILD", "ALL_BUILD.vcxproj", "{DB66B8E5-50B2-320F-9F44-36E652F31E3F}"
	ProjectSection(ProjectDependencies) = postProject
		{8FFE365E-6524-3B3E-86F3-C8D59AEC59B9} = {8FFE365E-6524-3B3E-86F3-C8D59AEC59B9}
		{2DC419E5-2989-38A7-98ED-CD860426395B} = {2DC419E5-2989-38A7-98ED-CD860426395B}
	EndProjectSection
EndProject
Project("{8BC9CEB8-8B4A-11D0-8D11-00A0C91BC942}") = "Client", "Client.vcxproj", "{8FFE365E-6524-3B3E-86F3-C8D59AEC59B9}"
	ProjectSection(ProjectDependencies) = postProject
		{2DC419E5-2989-38A7-98ED-CD860426395B} = {2DC419E5-2989-38A7-98ED-CD860426395B}
	EndProjectSection
EndProject
Project("{8BC9CEB8-8B4A-11D0-8D11-00A0C91BC942}") = "ZERO_CHECK", "ZERO_CHECK.vcxproj", "{2DC419E5-2989-38A7-98ED-CD860426395B}"
	ProjectSection(ProjectDependencies) = postProject
	EndProjectSection
EndProject
Global
	GlobalSection(SolutionConfigurationPlatforms) = preSolution
		Debug|Win32 = Debug|Win32
		Release|Win32 = Release|Win32
		MinSizeRel|Win32 = MinSizeRel|Win32
		RelWithDebInfo|Win32 = RelWithDebInfo|Win32
	EndGlobalSection
	GlobalSection(ProjectConfigurationPlatforms) = postSolution
		{DB66B8E5-50B2-320F-9F44-36E652F31E3F}.Debug|Win32.ActiveCfg = Debug|Win32
		{DB66B8E5-50B2-320F-9F44-36E652F31E3F}.Release|Win32.ActiveCfg = Release|Win32
		{DB66B8E5-50B2-320F-9F44-36E652F31E3F}.MinSizeRel|Win32.ActiveCfg = MinSizeRel|Win32
		{DB66B8E5-50B2-320F-9F44-36E652F31E3F}.RelWithDebInfo|Win32.ActiveCfg = RelWithDebInfo|Win32
		{8FFE365E-6524-3B3E-86F3-C8D59AEC59B9}.Debug|Win32.ActiveCfg = Debug|Win32
		{8FFE365E-6524-3B3E-86F3-C8D59AEC59B9}.Debug|Win32.Build.0 = Debug|Win32
		{8FFE365E-6524-3B3E-86F3-C8D59AEC59B9}.Release|Win32.ActiveCfg = Release|Win32
		{8FFE365E-6524-3B3E-86F3-C8D59AEC59B9}.Release|Win32.Build.0 = Release|Win32
		{8FFE365E-6524-3B3E-86F3-C8D59AEC59B9}.MinSizeRel|Win32.ActiveCfg = MinSizeRel|Win32
		{8FFE365E-6524-3B3E-86F3-C8D59AEC59B9}.MinSizeRel|Win32.Build.0 = MinSizeRel|Win32
		{8FFE365E-6524-3B3E-86F3-C8D59AEC59B9}.RelWithDebInfo|Win32.ActiveCfg = RelWithDebInfo|Win32
		{8FFE365E-6524-3B3E-86F3-C8D59AEC59B9}.RelWithDebInfo|Win32.Build.0 = RelWithDebInfo|Win32
		{2DC419E5-2989-38A7-98ED-CD860426395B}.Debug|Win32.ActiveCfg = Debug|Win32
		{2DC419E5-2989-38A7-98ED-CD860426395B}.Debug|Win32.Build.0 = Debug|Win32
		{2DC419E5-2989-38A7-98ED-CD860426395B}.Release|Win32.ActiveCfg = Release|Win32
		{2DC419E5-2989-38A7-98ED-CD860426395B}.Release|Win32.Build.0 = Release|Win32
		{2DC419E5-2989-38A7-98ED-CD860426395B}.MinSizeRel|Win32.ActiveCfg = MinSizeRel|Win32
		{2DC419E5-2989-38A7-98ED-CD860426395B}.MinSizeRel|Win32.Build.0 = MinSizeRel|Win32
		{2DC419E5-2989-38A7-98ED-CD860426395B}.RelWithDebInfo|Win32.ActiveCfg = RelWithDebInfo|Win32
		{2DC419E5-2989-38A7-98ED-CD860426395B}.RelWithDebInfo|Win32.Build.0 = RelWithDebInfo|Win32
	EndGlobalSection
	GlobalSection(ExtensibilityGlobals) = postSolution
		SolutionGuid = {7FEF0FD9-89DF-3E81-86DD-BC6454A3F320}
	EndGlobalSection
	GlobalSection(ExtensibilityAddIns) = postSolution
	EndGlobalSection
EndGlobal
